
Microsoft Visual Studio Solution File, Format Version 12.00
# Visual Studio 15
VisualStudioVersion = 15.0.26430.13
MinimumVisualStudioVersion = 10.0.40219.1
Project("{FAE04EC0-301F-11D3-BF4B-00C04F79EFBC}") = "AppRoot", "AppRoot\AppRoot.csproj", "{5AEC9411-C049-4236-A51E-86E3AEBD422E}"
EndProject
Project("{FAE04EC0-301F-11D3-BF4B-00C04F79EFBC}") = "AppRoot.Module.GoogleMap", "AppRoot.Module.GoogleMap\AppRoot.Module.GoogleMap.csproj", "{91CA0884-0C23-4140-A8AD-3369ECA64F6E}"
EndProject
Project("{FAE04EC0-301F-11D3-BF4B-00C04F79EFBC}") = "Behavior", "Behavior\Behavior.csproj", "{A0C07F65-3E3E-4B38-9F4F-C428E790A749}"
EndProject
Project("{FAE04EC0-301F-11D3-BF4B-00C04F79EFBC}") = "AppRoot.Module.Calender", "AppRoot.Module.Calender\AppRoot.Module.Calender.csproj", "{7EADC81D-1BDA-4278-AAC6-0C3361845055}"
EndProject
Global
	GlobalSection(SolutionConfigurationPlatforms) = preSolution
		Debug|Any CPU = Debug|Any CPU
		Release|Any CPU = Release|Any CPU
	EndGlobalSection
	GlobalSection(ProjectConfigurationPlatforms) = postSolution
		{5AEC9411-C049-4236-A51E-86E3AEBD422E}.Debug|Any CPU.ActiveCfg = Debug|Any CPU
		{5AEC9411-C049-4236-A51E-86E3AEBD422E}.Debug|Any CPU.Build.0 = Debug|Any CPU
		{5AEC9411-C049-4236-A51E-86E3AEBD422E}.Release|Any CPU.ActiveCfg = Release|Any CPU
		{5AEC9411-C049-4236-A51E-86E3AEBD422E}.Release|Any CPU.Build.0 = Release|Any CPU
		{91CA0884-0C23-4140-A8AD-3369ECA64F6E}.Debug|Any CPU.ActiveCfg = Debug|Any CPU
		{91CA0884-0C23-4140-A8AD-3369ECA64F6E}.Debug|Any CPU.Build.0 = Debug|Any CPU
		{91CA0884-0C23-4140-A8AD-3369ECA64F6E}.Release|Any CPU.ActiveCfg = Release|Any CPU
		{91CA0884-0C23-4140-A8AD-3369ECA64F6E}.Release|Any CPU.Build.0 = Release|Any CPU
		{A0C07F65-3E3E-4B38-9F4F-C428E790A749}.Debug|Any CPU.ActiveCfg = Debug|Any CPU
		{A0C07F65-3E3E-4B38-9F4F-C428E790A749}.Debug|Any CPU.Build.0 = Debug|Any CPU
		{A0C07F65-3E3E-4B38-9F4F-C428E790A749}.Release|Any CPU.ActiveCfg = Release|Any CPU
		{A0C07F65-3E3E-4B38-9F4F-C428E790A749}.Release|Any CPU.Build.0 = Release|Any CPU
		{7EADC81D-1BDA-4278-AAC6-0C3361845055}.Debug|Any CPU.ActiveCfg = Debug|Any CPU
		{7EADC81D-1BDA-4278-AAC6-0C3361845055}.Debug|Any CPU.Build.0 = Debug|Any CPU
		{7EADC81D-1BDA-4278-AAC6-0C3361845055}.Release|Any CPU.ActiveCfg = Release|Any CPU
		{7EADC81D-1BDA-4278-AAC6-0C3361845055}.Release|Any CPU.Build.0 = Release|Any CPU
	EndGlobalSection
	GlobalSection(SolutionProperties) = preSolution
		HideSolutionNode = FALSE
	EndGlobalSection
EndGlobal
